
Microsoft Visual Studio Solution File, Format Version 12.00
# Visual Studio Version 17
VisualStudioVersion = 17.12.35514.174
MinimumVisualStudioVersion = 10.0.40219.1
Project("{FAE04EC0-301F-11D3-BF4B-00C04F79EFBC}") = "BackupProgram", "BackupProgram\BackupProgram.csproj", "{C25D5A73-BC44-4D76-B938-345A3E21FDED}"
EndProject
Global
	GlobalSection(SolutionConfigurationPlatforms) = preSolution
		Debug|Any CPU = Debug|Any CPU
		Release|Any CPU = Release|Any CPU
	EndGlobalSection
	GlobalSection(ProjectConfigurationPlatforms) = postSolution
		{C25D5A73-BC44-4D76-B938-345A3E21FDED}.Debug|Any CPU.ActiveCfg = Debug|Any CPU
		{C25D5A73-BC44-4D76-B938-345A3E21FDED}.Debug|Any CPU.Build.0 = Debug|Any CPU
		{C25D5A73-BC44-4D76-B938-345A3E21FDED}.Release|Any CPU.ActiveCfg = Release|Any CPU
		{C25D5A73-BC44-4D76-B938-345A3E21FDED}.Release|Any CPU.Build.0 = Release|Any CPU
	EndGlobalSection
	GlobalSection(SolutionProperties) = preSolution
		HideSolutionNode = FALSE
	EndGlobalSection
EndGlobal
